
Microsoft Visual Studio Solution File, Format Version 12.00
# Visual Studio Version 17
VisualStudioVersion = 17.9.34902.65
MinimumVisualStudioVersion = 10.0.40219.1
Project("{FAE04EC0-301F-11D3-BF4B-00C04F79EFBC}") = "numtostring", "numtostring.csproj", "{B19DD54C-284F-483B-900A-D9018B1A7615}"
EndProject
Global
	GlobalSection(SolutionConfigurationPlatforms) = preSolution
		Debug|Any CPU = Debug|Any CPU
		Release|Any CPU = Release|Any CPU
	EndGlobalSection
	GlobalSection(ProjectConfigurationPlatforms) = postSolution
		{B19DD54C-284F-483B-900A-D9018B1A7615}.Debug|Any CPU.ActiveCfg = Debug|Any CPU
		{B19DD54C-284F-483B-900A-D9018B1A7615}.Debug|Any CPU.Build.0 = Debug|Any CPU
		{B19DD54C-284F-483B-900A-D9018B1A7615}.Release|Any CPU.ActiveCfg = Release|Any CPU
		{B19DD54C-284F-483B-900A-D9018B1A7615}.Release|Any CPU.Build.0 = Release|Any CPU
	EndGlobalSection
	GlobalSection(SolutionProperties) = preSolution
		HideSolutionNode = FALSE
	EndGlobalSection
	GlobalSection(ExtensibilityGlobals) = postSolution
		SolutionGuid = {26FCB72D-28C5-4517-A5A5-B0832060E479}
	EndGlobalSection
EndGlobal
